
Microsoft Visual Studio Solution File, Format Version 12.00
# Visual Studio 15
Project("{FAE04EC0-301F-11D3-BF4B-00C04F79EFBC}") = "Assembly-CSharp", "Assembly-CSharp.csproj", "{500A81D4-24A0-081E-754C-FC4E500D5DBB}"
EndProject
Global
	GlobalSection(SolutionConfigurationPlatforms) = preSolution
		Debug|Any CPU = Debug|Any CPU
		Release|Any CPU = Release|Any CPU
	EndGlobalSection
	GlobalSection(ProjectConfigurationPlatforms) = postSolution
		{500A81D4-24A0-081E-754C-FC4E500D5DBB}.Debug|Any CPU.ActiveCfg = Debug|Any CPU
		{500A81D4-24A0-081E-754C-FC4E500D5DBB}.Debug|Any CPU.Build.0 = Debug|Any CPU
		{500A81D4-24A0-081E-754C-FC4E500D5DBB}.Release|Any CPU.ActiveCfg = Release|Any CPU
		{500A81D4-24A0-081E-754C-FC4E500D5DBB}.Release|Any CPU.Build.0 = Release|Any CPU
	EndGlobalSection
	GlobalSection(SolutionProperties) = preSolution
		HideSolutionNode = FALSE
	EndGlobalSection
EndGlobal
